// !$*UTF8*$!
{
	archiveVersion = 1;
	classes = {
	};
	objectVersion = 50;
	objects = {

/* Begin PBXBuildFile section */
		1A0C00A3214A2167002FEAA7 /* WeatherImageView.swift in Sources */ = {isa = PBXBuildFile; fileRef = 1A0C00A2214A2167002FEAA7 /* WeatherImageView.swift */; };
		1A264BB02120DDB80055609D /* WeatherStack.swift in Sources */ = {isa = PBXBuildFile; fileRef = 1A264BAF2120DDB80055609D /* WeatherStack.swift */; };
		1A2E2B58211FB6EB0015947C /* AppColors.swift in Sources */ = {isa = PBXBuildFile; fileRef = 1A2E2B57211FB6EB0015947C /* AppColors.swift */; };
		1A2E2B5A211FD46C0015947C /* CurrentWeatherViewController.swift in Sources */ = {isa = PBXBuildFile; fileRef = 1A2E2B59211FD46C0015947C /* CurrentWeatherViewController.swift */; };
		1A2E2B5C211FD7FC0015947C /* Extensions.swift in Sources */ = {isa = PBXBuildFile; fileRef = 1A2E2B5B211FD7FC0015947C /* Extensions.swift */; };
		1A2E2B5E211FE0FA0015947C /* LabeledWeatherView.swift in Sources */ = {isa = PBXBuildFile; fileRef = 1A2E2B5D211FE0FA0015947C /* LabeledWeatherView.swift */; };
		1A8DB5A52119C8D900F40342 /* RawJson.swift in Sources */ = {isa = PBXBuildFile; fileRef = 1A8DB5A42119C8D900F40342 /* RawJson.swift */; };
		1A8DB5A7211A0A9900F40342 /* WeatherViewModel.swift in Sources */ = {isa = PBXBuildFile; fileRef = 1A8DB5A6211A0A9900F40342 /* WeatherViewModel.swift */; };
		1A8DB5AA211A0C8500F40342 /* ForecastViewModel.swift in Sources */ = {isa = PBXBuildFile; fileRef = 1A8DB5A9211A0C8500F40342 /* ForecastViewModel.swift */; };
		1AB8B4D021512BC300FD4AEC /* WeatherCollectionViewCell.swift in Sources */ = {isa = PBXBuildFile; fileRef = 1AB8B4CF21512BC300FD4AEC /* WeatherCollectionViewCell.swift */; };
		1AC4EB0A2178DF4700E75E03 /* Forecastable.swift in Sources */ = {isa = PBXBuildFile; fileRef = 1AC4EB092178DF4700E75E03 /* Forecastable.swift */; };
		1AC93002215B4E3D00C6FED9 /* NotificationView.swift in Sources */ = {isa = PBXBuildFile; fileRef = 1AC93001215B4E3D00C6FED9 /* NotificationView.swift */; };
		1AF3390F2114E41200CDB50C /* AppDelegate.swift in Sources */ = {isa = PBXBuildFile; fileRef = 1AF3390E2114E41200CDB50C /* AppDelegate.swift */; };
		1AF339162114E41400CDB50C /* Assets.xcassets in Resources */ = {isa = PBXBuildFile; fileRef = 1AF339152114E41400CDB50C /* Assets.xcassets */; };
		1AF339192114E41400CDB50C /* LaunchScreen.storyboard in Resources */ = {isa = PBXBuildFile; fileRef = 1AF339172114E41400CDB50C /* LaunchScreen.storyboard */; };
		1AF339242114E41400CDB50C /* SimpleWeatherTests.swift in Sources */ = {isa = PBXBuildFile; fileRef = 1AF339232114E41400CDB50C /* SimpleWeatherTests.swift */; };
		1AF339332114E4F400CDB50C /* LocationManager.swift in Sources */ = {isa = PBXBuildFile; fileRef = 1AF339322114E4F400CDB50C /* LocationManager.swift */; };
		1AF339352114E81500CDB50C /* WeatherViewController.swift in Sources */ = {isa = PBXBuildFile; fileRef = 1AF339342114E81500CDB50C /* WeatherViewController.swift */; };
		1AF339382114F88400CDB50C /* Request.swift in Sources */ = {isa = PBXBuildFile; fileRef = 1AF339372114F88400CDB50C /* Request.swift */; };
		1AF3393A2114FBD400CDB50C /* Task.swift in Sources */ = {isa = PBXBuildFile; fileRef = 1AF339392114FBD400CDB50C /* Task.swift */; };
		1AF3393C211509BD00CDB50C /* Weather.swift in Sources */ = {isa = PBXBuildFile; fileRef = 1AF3393B211509BD00CDB50C /* Weather.swift */; };
		1AF3393F211511CC00CDB50C /* Forecast.swift in Sources */ = {isa = PBXBuildFile; fileRef = 1AF3393E211511CC00CDB50C /* Forecast.swift */; };
/* End PBXBuildFile section */

/* Begin PBXContainerItemProxy section */
		1AF339202114E41400CDB50C /* PBXContainerItemProxy */ = {
			isa = PBXContainerItemProxy;
			containerPortal = 1AF339032114E41200CDB50C /* Project object */;
			proxyType = 1;
			remoteGlobalIDString = 1AF3390A2114E41200CDB50C;
			remoteInfo = SimpleWeather;
		};
/* End PBXContainerItemProxy section */

/* Begin PBXFileReference section */
		1A0C00A2214A2167002FEAA7 /* WeatherImageView.swift */ = {isa = PBXFileReference; lastKnownFileType = sourcecode.swift; path = WeatherImageView.swift; sourceTree = "<group>"; };
		1A264BAF2120DDB80055609D /* WeatherStack.swift */ = {isa = PBXFileReference; lastKnownFileType = sourcecode.swift; path = WeatherStack.swift; sourceTree = "<group>"; };
		1A2E2B57211FB6EB0015947C /* AppColors.swift */ = {isa = PBXFileReference; lastKnownFileType = sourcecode.swift; path = AppColors.swift; sourceTree = "<group>"; };
		1A2E2B59211FD46C0015947C /* CurrentWeatherViewController.swift */ = {isa = PBXFileReference; lastKnownFileType = sourcecode.swift; path = CurrentWeatherViewController.swift; sourceTree = "<group>"; };
		1A2E2B5B211FD7FC0015947C /* Extensions.swift */ = {isa = PBXFileReference; lastKnownFileType = sourcecode.swift; path = Extensions.swift; sourceTree = "<group>"; };
		1A2E2B5D211FE0FA0015947C /* LabeledWeatherView.swift */ = {isa = PBXFileReference; lastKnownFileType = sourcecode.swift; path = LabeledWeatherView.swift; sourceTree = "<group>"; };
		1A8DB5A42119C8D900F40342 /* RawJson.swift */ = {isa = PBXFileReference; lastKnownFileType = sourcecode.swift; path = RawJson.swift; sourceTree = "<group>"; };
		1A8DB5A6211A0A9900F40342 /* WeatherViewModel.swift */ = {isa = PBXFileReference; lastKnownFileType = sourcecode.swift; path = WeatherViewModel.swift; sourceTree = "<group>"; };
		1A8DB5A9211A0C8500F40342 /* ForecastViewModel.swift */ = {isa = PBXFileReference; lastKnownFileType = sourcecode.swift; path = ForecastViewModel.swift; sourceTree = "<group>"; };
		1AB8B4CF21512BC300FD4AEC /* WeatherCollectionViewCell.swift */ = {isa = PBXFileReference; lastKnownFileType = sourcecode.swift; path = WeatherCollectionViewCell.swift; sourceTree = "<group>"; };
		1AC4EB092178DF4700E75E03 /* Forecastable.swift */ = {isa = PBXFileReference; lastKnownFileType = sourcecode.swift; path = Forecastable.swift; sourceTree = "<group>"; };
		1AC93001215B4E3D00C6FED9 /* NotificationView.swift */ = {isa = PBXFileReference; lastKnownFileType = sourcecode.swift; path = NotificationView.swift; sourceTree = "<group>"; };
		1AF3390B2114E41200CDB50C /* SimpleWeather.app */ = {isa = PBXFileReference; explicitFileType = wrapper.application; includeInIndex = 0; path = SimpleWeather.app; sourceTree = BUILT_PRODUCTS_DIR; };
		1AF3390E2114E41200CDB50C /* AppDelegate.swift */ = {isa = PBXFileReference; lastKnownFileType = sourcecode.swift; path = AppDelegate.swift; sourceTree = "<group>"; };
		1AF339152114E41400CDB50C /* Assets.xcassets */ = {isa = PBXFileReference; lastKnownFileType = folder.assetcatalog; path = Assets.xcassets; sourceTree = "<group>"; };
		1AF339182114E41400CDB50C /* Base */ = {isa = PBXFileReference; lastKnownFileType = file.storyboard; name = Base; path = Base.lproj/LaunchScreen.storyboard; sourceTree = "<group>"; };
		1AF3391A2114E41400CDB50C /* Info.plist */ = {isa = PBXFileReference; lastKnownFileType = text.plist.xml; path = Info.plist; sourceTree = "<group>"; };
		1AF3391F2114E41400CDB50C /* SimpleWeatherTests.xctest */ = {isa = PBXFileReference; explicitFileType = wrapper.cfbundle; includeInIndex = 0; path = SimpleWeatherTests.xctest; sourceTree = BUILT_PRODUCTS_DIR; };
		1AF339232114E41400CDB50C /* SimpleWeatherTests.swift */ = {isa = PBXFileReference; lastKnownFileType = sourcecode.swift; path = SimpleWeatherTests.swift; sourceTree = "<group>"; };
		1AF339252114E41400CDB50C /* Info.plist */ = {isa = PBXFileReference; lastKnownFileType = text.plist.xml; path = Info.plist; sourceTree = "<group>"; };
		1AF339322114E4F400CDB50C /* LocationManager.swift */ = {isa = PBXFileReference; lastKnownFileType = sourcecode.swift; path = LocationManager.swift; sourceTree = "<group>"; };
		1AF339342114E81500CDB50C /* WeatherViewController.swift */ = {isa = PBXFileReference; lastKnownFileType = sourcecode.swift; path = WeatherViewController.swift; sourceTree = "<group>"; };
		1AF339372114F88400CDB50C /* Request.swift */ = {isa = PBXFileReference; lastKnownFileType = sourcecode.swift; path = Request.swift; sourceTree = "<group>"; };
		1AF339392114FBD400CDB50C /* Task.swift */ = {isa = PBXFileReference; lastKnownFileType = sourcecode.swift; path = Task.swift; sourceTree = "<group>"; };
		1AF3393B211509BD00CDB50C /* Weather.swift */ = {isa = PBXFileReference; lastKnownFileType = sourcecode.swift; path = Weather.swift; sourceTree = "<group>"; };
		1AF3393E211511CC00CDB50C /* Forecast.swift */ = {isa = PBXFileReference; lastKnownFileType = sourcecode.swift; path = Forecast.swift; sourceTree = "<group>"; };
/* End PBXFileReference section */

/* Begin PBXFrameworksBuildPhase section */
		1AF339082114E41200CDB50C /* Frameworks */ = {
			isa = PBXFrameworksBuildPhase;
			buildActionMask = 2147483647;
			files = (
			);
			runOnlyForDeploymentPostprocessing = 0;
		};
		1AF3391C2114E41400CDB50C /* Frameworks */ = {
			isa = PBXFrameworksBuildPhase;
			buildActionMask = 2147483647;
			files = (
			);
			runOnlyForDeploymentPostprocessing = 0;
		};
/* End PBXFrameworksBuildPhase section */

/* Begin PBXGroup section */
		1A2E2B5F211FE1070015947C /* Views */ = {
			isa = PBXGroup;
			children = (
				1AC93001215B4E3D00C6FED9 /* NotificationView.swift */,
				1A2E2B5D211FE0FA0015947C /* LabeledWeatherView.swift */,
				1AB8B4CF21512BC300FD4AEC /* WeatherCollectionViewCell.swift */,
				1A0C00A2214A2167002FEAA7 /* WeatherImageView.swift */,
				1A264BAF2120DDB80055609D /* WeatherStack.swift */,
			);
			path = Views;
			sourceTree = "<group>";
		};
		1A8DB5A8211A0A9F00F40342 /* View Models */ = {
			isa = PBXGroup;
			children = (
				1A8DB5A6211A0A9900F40342 /* WeatherViewModel.swift */,
				1A8DB5A9211A0C8500F40342 /* ForecastViewModel.swift */,
			);
			path = "View Models";
			sourceTree = "<group>";
		};
		1AF339022114E41200CDB50C = {
			isa = PBXGroup;
			children = (
				1AF3390D2114E41200CDB50C /* SimpleWeather */,
				1AF339222114E41400CDB50C /* SimpleWeatherTests */,
				1AF3390C2114E41200CDB50C /* Products */,
			);
			sourceTree = "<group>";
		};
		1AF3390C2114E41200CDB50C /* Products */ = {
			isa = PBXGroup;
			children = (
				1AF3390B2114E41200CDB50C /* SimpleWeather.app */,
				1AF3391F2114E41400CDB50C /* SimpleWeatherTests.xctest */,
			);
			name = Products;
			sourceTree = "<group>";
		};
		1AF3390D2114E41200CDB50C /* SimpleWeather */ = {
			isa = PBXGroup;
			children = (
				1AF3393D211511A800CDB50C /* Models */,
				1AF3391A2114E41400CDB50C /* Info.plist */,
				1AF339362114F74800CDB50C /* Managers */,
				1AF3392E2114E45E00CDB50C /* Supporting Files */,
				1AF339312114E4C000CDB50C /* View Controllers */,
				1A2E2B5F211FE1070015947C /* Views */,
				1A8DB5A8211A0A9F00F40342 /* View Models */,
			);
			path = SimpleWeather;
			sourceTree = "<group>";
		};
		1AF339222114E41400CDB50C /* SimpleWeatherTests */ = {
			isa = PBXGroup;
			children = (
				1AF339232114E41400CDB50C /* SimpleWeatherTests.swift */,
				1AF339252114E41400CDB50C /* Info.plist */,
			);
			path = SimpleWeatherTests;
			sourceTree = "<group>";
		};
		1AF3392E2114E45E00CDB50C /* Supporting Files */ = {
			isa = PBXGroup;
			children = (
				1AF3390E2114E41200CDB50C /* AppDelegate.swift */,
				1A2E2B57211FB6EB0015947C /* AppColors.swift */,
				1A2E2B5B211FD7FC0015947C /* Extensions.swift */,
				1AF339152114E41400CDB50C /* Assets.xcassets */,
				1AF339172114E41400CDB50C /* LaunchScreen.storyboard */,
			);
			path = "Supporting Files";
			sourceTree = "<group>";
		};
		1AF339312114E4C000CDB50C /* View Controllers */ = {
			isa = PBXGroup;
			children = (
				1AF339342114E81500CDB50C /* WeatherViewController.swift */,
				1A2E2B59211FD46C0015947C /* CurrentWeatherViewController.swift */,
			);
			path = "View Controllers";
			sourceTree = "<group>";
		};
		1AF339362114F74800CDB50C /* Managers */ = {
			isa = PBXGroup;
			children = (
				1AF339322114E4F400CDB50C /* LocationManager.swift */,
				1AF339372114F88400CDB50C /* Request.swift */,
				1AF339392114FBD400CDB50C /* Task.swift */,
			);
			path = Managers;
			sourceTree = "<group>";
		};
		1AF3393D211511A800CDB50C /* Models */ = {
			isa = PBXGroup;
			children = (
				1AF3393B211509BD00CDB50C /* Weather.swift */,
				1A8DB5A42119C8D900F40342 /* RawJson.swift */,
				1AF3393E211511CC00CDB50C /* Forecast.swift */,
				1AC4EB092178DF4700E75E03 /* Forecastable.swift */,
			);
			name = Models;
			sourceTree = "<group>";
		};
/* End PBXGroup section */

/* Begin PBXNativeTarget section */
		1AF3390A2114E41200CDB50C /* SimpleWeather */ = {
			isa = PBXNativeTarget;
			buildConfigurationList = 1AF339282114E41400CDB50C /* Build configuration list for PBXNativeTarget "SimpleWeather" */;
			buildPhases = (
				1AF339072114E41200CDB50C /* Sources */,
				1AF339082114E41200CDB50C /* Frameworks */,
				1AF339092114E41200CDB50C /* Resources */,
			);
			buildRules = (
			);
			dependencies = (
			);
			name = SimpleWeather;
			productName = SimpleWeather;
			productReference = 1AF3390B2114E41200CDB50C /* SimpleWeather.app */;
			productType = "com.apple.product-type.application";
		};
		1AF3391E2114E41400CDB50C /* SimpleWeatherTests */ = {
			isa = PBXNativeTarget;
			buildConfigurationList = 1AF3392B2114E41400CDB50C /* Build configuration list for PBXNativeTarget "SimpleWeatherTests" */;
			buildPhases = (
				1AF3391B2114E41400CDB50C /* Sources */,
				1AF3391C2114E41400CDB50C /* Frameworks */,
				1AF3391D2114E41400CDB50C /* Resources */,
			);
			buildRules = (
			);
			dependencies = (
				1AF339212114E41400CDB50C /* PBXTargetDependency */,
			);
			name = SimpleWeatherTests;
			productName = SimpleWeatherTests;
			productReference = 1AF3391F2114E41400CDB50C /* SimpleWeatherTests.xctest */;
			productType = "com.apple.product-type.bundle.unit-test";
		};
/* End PBXNativeTarget section */

/* Begin PBXProject section */
		1AF339032114E41200CDB50C /* Project object */ = {
			isa = PBXProject;
			attributes = {
				LastSwiftUpdateCheck = 0940;
				LastUpgradeCheck = 0940;
				ORGANIZATIONNAME = "Jermaine Kelly";
				TargetAttributes = {
					1AF3390A2114E41200CDB50C = {
						CreatedOnToolsVersion = 9.4.1;
						LastSwiftMigration = 1000;
					};
					1AF3391E2114E41400CDB50C = {
						CreatedOnToolsVersion = 9.4.1;
						LastSwiftMigration = 1000;
						TestTargetID = 1AF3390A2114E41200CDB50C;
					};
				};
			};
			buildConfigurationList = 1AF339062114E41200CDB50C /* Build configuration list for PBXProject "SimpleWeather" */;
			compatibilityVersion = "Xcode 9.3";
			developmentRegion = en;
			hasScannedForEncodings = 0;
			knownRegions = (
				en,
				Base,
			);
			mainGroup = 1AF339022114E41200CDB50C;
			productRefGroup = 1AF3390C2114E41200CDB50C /* Products */;
			projectDirPath = "";
			projectRoot = "";
			targets = (
				1AF3390A2114E41200CDB50C /* SimpleWeather */,
				1AF3391E2114E41400CDB50C /* SimpleWeatherTests */,
			);
		};
/* End PBXProject section */

/* Begin PBXResourcesBuildPhase section */
		1AF339092114E41200CDB50C /* Resources */ = {
			isa = PBXResourcesBuildPhase;
			buildActionMask = 2147483647;
			files = (
				1AF339192114E41400CDB50C /* LaunchScreen.storyboard in Resources */,
				1AF339162114E41400CDB50C /* Assets.xcassets in Resources */,
			);
			runOnlyForDeploymentPostprocessing = 0;
		};
		1AF3391D2114E41400CDB50C /* Resources */ = {
			isa = PBXResourcesBuildPhase;
			buildActionMask = 2147483647;
			files = (
			);
			runOnlyForDeploymentPostprocessing = 0;
		};
/* End PBXResourcesBuildPhase section */

/* Begin PBXSourcesBuildPhase section */
		1AF339072114E41200CDB50C /* Sources */ = {
			isa = PBXSourcesBuildPhase;
			buildActionMask = 2147483647;
			files = (
				1AF3390F2114E41200CDB50C /* AppDelegate.swift in Sources */,
				1A8DB5A7211A0A9900F40342 /* WeatherViewModel.swift in Sources */,
				1A264BB02120DDB80055609D /* WeatherStack.swift in Sources */,
				1AF339352114E81500CDB50C /* WeatherViewController.swift in Sources */,
				1AF3393F211511CC00CDB50C /* Forecast.swift in Sources */,
				1A2E2B58211FB6EB0015947C /* AppColors.swift in Sources */,
				1AB8B4D021512BC300FD4AEC /* WeatherCollectionViewCell.swift in Sources */,
				1AF3393A2114FBD400CDB50C /* Task.swift in Sources */,
				1A8DB5A52119C8D900F40342 /* RawJson.swift in Sources */,
				1AF339332114E4F400CDB50C /* LocationManager.swift in Sources */,
				1A2E2B5C211FD7FC0015947C /* Extensions.swift in Sources */,
				1AF3393C211509BD00CDB50C /* Weather.swift in Sources */,
				1A8DB5AA211A0C8500F40342 /* ForecastViewModel.swift in Sources */,
				1A2E2B5E211FE0FA0015947C /* LabeledWeatherView.swift in Sources */,
				1AF339382114F88400CDB50C /* Request.swift in Sources */,
				1A2E2B5A211FD46C0015947C /* CurrentWeatherViewController.swift in Sources */,
				1A0C00A3214A2167002FEAA7 /* WeatherImageView.swift in Sources */,
				1AC4EB0A2178DF4700E75E03 /* Forecastable.swift in Sources */,
				1AC93002215B4E3D00C6FED9 /* NotificationView.swift in Sources */,
			);
			runOnlyForDeploymentPostprocessing = 0;
		};
		1AF3391B2114E41400CDB50C /* Sources */ = {
			isa = PBXSourcesBuildPhase;
			buildActionMask = 2147483647;
			files = (
				1AF339242114E41400CDB50C /* SimpleWeatherTests.swift in Sources */,
			);
			runOnlyForDeploymentPostprocessing = 0;
		};
/* End PBXSourcesBuildPhase section */

/* Begin PBXTargetDependency section */
		1AF339212114E41400CDB50C /* PBXTargetDependency */ = {
			isa = PBXTargetDependency;
			target = 1AF3390A2114E41200CDB50C /* SimpleWeather */;
			targetProxy = 1AF339202114E41400CDB50C /* PBXContainerItemProxy */;
		};
/* End PBXTargetDependency section */

/* Begin PBXVariantGroup section */
		1AF339172114E41400CDB50C /* LaunchScreen.storyboard */ = {
			isa = PBXVariantGroup;
			children = (
				1AF339182114E41400CDB50C /* Base */,
			);
			name = LaunchScreen.storyboard;
			sourceTree = "<group>";
		};
/* End PBXVariantGroup section */

/* Begin XCBuildConfiguration section */
		1AF339262114E41400CDB50C /* Debug */ = {
			isa = XCBuildConfiguration;
			buildSettings = {
				ALWAYS_SEARCH_USER_PATHS = NO;
				CLANG_ANALYZER_NONNULL = YES;
				CLANG_ANALYZER_NUMBER_OBJECT_CONVERSION = YES_AGGRESSIVE;
				CLANG_CXX_LANGUAGE_STANDARD = "gnu++14";
				CLANG_CXX_LIBRARY = "libc++";
				CLANG_ENABLE_MODULES = YES;
				CLANG_ENABLE_OBJC_ARC = YES;
				CLANG_ENABLE_OBJC_WEAK = YES;
				CLANG_WARN_BLOCK_CAPTURE_AUTORELEASING = YES;
				CLANG_WARN_BOOL_CONVERSION = YES;
				CLANG_WARN_COMMA = YES;
				CLANG_WARN_CONSTANT_CONVERSION = YES;
				CLANG_WARN_DEPRECATED_OBJC_IMPLEMENTATIONS = YES;
				CLANG_WARN_DIRECT_OBJC_ISA_USAGE = YES_ERROR;
				CLANG_WARN_DOCUMENTATION_COMMENTS = YES;
				CLANG_WARN_EMPTY_BODY = YES;
				CLANG_WARN_ENUM_CONVERSION = YES;
				CLANG_WARN_INFINITE_RECURSION = YES;
				CLANG_WARN_INT_CONVERSION = YES;
				CLANG_WARN_NON_LITERAL_NULL_CONVERSION = YES;
				CLANG_WARN_OBJC_IMPLICIT_RETAIN_SELF = YES;
				CLANG_WARN_OBJC_LITERAL_CONVERSION = YES;
				CLANG_WARN_OBJC_ROOT_CLASS = YES_ERROR;
				CLANG_WARN_RANGE_LOOP_ANALYSIS = YES;
				CLANG_WARN_STRICT_PROTOTYPES = YES;
				CLANG_WARN_SUSPICIOUS_MOVE = YES;
				CLANG_WARN_UNGUARDED_AVAILABILITY = YES_AGGRESSIVE;
				CLANG_WARN_UNREACHABLE_CODE = YES;
				CLANG_WARN__DUPLICATE_METHOD_MATCH = YES;
				CODE_SIGN_IDENTITY = "iPhone Developer";
				COPY_PHASE_STRIP = NO;
				DEBUG_INFORMATION_FORMAT = dwarf;
				ENABLE_STRICT_OBJC_MSGSEND = YES;
				ENABLE_TESTABILITY = YES;
				GCC_C_LANGUAGE_STANDARD = gnu11;
				GCC_DYNAMIC_NO_PIC = NO;
				GCC_NO_COMMON_BLOCKS = YES;
				GCC_OPTIMIZATION_LEVEL = 0;
				GCC_PREPROCESSOR_DEFINITIONS = (
					"DEBUG=1",
					"$(inherited)",
				);
				GCC_WARN_64_TO_32_BIT_CONVERSION = YES;
				GCC_WARN_ABOUT_RETURN_TYPE = YES_ERROR;
				GCC_WARN_UNDECLARED_SELECTOR = YES;
				GCC_WARN_UNINITIALIZED_AUTOS = YES_AGGRESSIVE;
				GCC_WARN_UNUSED_FUNCTION = YES;
				GCC_WARN_UNUSED_VARIABLE = YES;
				IPHONEOS_DEPLOYMENT_TARGET = 11.4;
				MTL_ENABLE_DEBUG_INFO = YES;
				ONLY_ACTIVE_ARCH = YES;
				SDKROOT = iphoneos;
				SWIFT_ACTIVE_COMPILATION_CONDITIONS = DEBUG;
				SWIFT_OPTIMIZATION_LEVEL = "-Onone";
			};
			name = Debug;
		};
		1AF339272114E41400CDB50C /* Release */ = {
			isa = XCBuildConfiguration;
			buildSettings = {
				ALWAYS_SEARCH_USER_PATHS = NO;
				CLANG_ANALYZER_NONNULL = YES;
				CLANG_ANALYZER_NUMBER_OBJECT_CONVERSION = YES_AGGRESSIVE;
				CLANG_CXX_LANGUAGE_STANDARD = "gnu++14";
				CLANG_CXX_LIBRARY = "libc++";
				CLANG_ENABLE_MODULES = YES;
				CLANG_ENABLE_OBJC_ARC = YES;
				CLANG_ENABLE_OBJC_WEAK = YES;
				CLANG_WARN_BLOCK_CAPTURE_AUTORELEASING = YES;
				CLANG_WARN_BOOL_CONVERSION = YES;
				CLANG_WARN_COMMA = YES;
				CLANG_WARN_CONSTANT_CONVERSION = YES;
				CLANG_WARN_DEPRECATED_OBJC_IMPLEMENTATIONS = YES;
				CLANG_WARN_DIRECT_OBJC_ISA_USAGE = YES_ERROR;
				CLANG_WARN_DOCUMENTATION_COMMENTS = YES;
				CLANG_WARN_EMPTY_BODY = YES;
				CLANG_WARN_ENUM_CONVERSION = YES;
				CLANG_WARN_INFINITE_RECURSION = YES;
				CLANG_WARN_INT_CONVERSION = YES;
				CLANG_WARN_NON_LITERAL_NULL_CONVERSION = YES;
				CLANG_WARN_OBJC_IMPLICIT_RETAIN_SELF = YES;
				CLANG_WARN_OBJC_LITERAL_CONVERSION = YES;
				CLANG_WARN_OBJC_ROOT_CLASS = YES_ERROR;
				CLANG_WARN_RANGE_LOOP_ANALYSIS = YES;
				CLANG_WARN_STRICT_PROTOTYPES = YES;
				CLANG_WARN_SUSPICIOUS_MOVE = YES;
				CLANG_WARN_UNGUARDED_AVAILABILITY = YES_AGGRESSIVE;
				CLANG_WARN_UNREACHABLE_CODE = YES;
				CLANG_WARN__DUPLICATE_METHOD_MATCH = YES;
				CODE_SIGN_IDENTITY = "iPhone Developer";
				COPY_PHASE_STRIP = NO;
				DEBUG_INFORMATION_FORMAT = "dwarf-with-dsym";
				ENABLE_NS_ASSERTIONS = NO;
				ENABLE_STRICT_OBJC_MSGSEND = YES;
				GCC_C_LANGUAGE_STANDARD = gnu11;
				GCC_NO_COMMON_BLOCKS = YES;
				GCC_WARN_64_TO_32_BIT_CONVERSION = YES;
				GCC_WARN_ABOUT_RETURN_TYPE = YES_ERROR;
				GCC_WARN_UNDECLARED_SELECTOR = YES;
				GCC_WARN_UNINITIALIZED_AUTOS = YES_AGGRESSIVE;
				GCC_WARN_UNUSED_FUNCTION = YES;
				GCC_WARN_UNUSED_VARIABLE = YES;
				IPHONEOS_DEPLOYMENT_TARGET = 11.4;
				MTL_ENABLE_DEBUG_INFO = NO;
				SDKROOT = iphoneos;
				SWIFT_COMPILATION_MODE = wholemodule;
				SWIFT_OPTIMIZATION_LEVEL = "-O";
				VALIDATE_PRODUCT = YES;
			};
			name = Release;
		};
		1AF339292114E41400CDB50C /* Debug */ = {
			isa = XCBuildConfiguration;
			buildSettings = {
				ASSETCATALOG_COMPILER_APPICON_NAME = AppIcon;
				CODE_SIGN_STYLE = Automatic;
				DEVELOPMENT_TEAM = ZSE2A75FGT;
				INFOPLIST_FILE = SimpleWeather/Info.plist;
				LD_RUNPATH_SEARCH_PATHS = (
					"$(inherited)",
					"@executable_path/Frameworks",
				);
				PRODUCT_BUNDLE_IDENTIFIER = com.jermiainekelly.SimpleWeather;
				PRODUCT_NAME = "$(TARGET_NAME)";
				SWIFT_VERSION = 4.2;
				TARGETED_DEVICE_FAMILY = "1,2";
			};
			name = Debug;
		};
		1AF3392A2114E41400CDB50C /* Release */ = {
			isa = XCBuildConfiguration;
			buildSettings = {
				ASSETCATALOG_COMPILER_APPICON_NAME = AppIcon;
				CODE_SIGN_STYLE = Automatic;
				DEVELOPMENT_TEAM = ZSE2A75FGT;
				INFOPLIST_FILE = SimpleWeather/Info.plist;
				LD_RUNPATH_SEARCH_PATHS = (
					"$(inherited)",
					"@executable_path/Frameworks",
				);
				PRODUCT_BUNDLE_IDENTIFIER = com.jermiainekelly.SimpleWeather;
				PRODUCT_NAME = "$(TARGET_NAME)";
				SWIFT_VERSION = 4.2;
				TARGETED_DEVICE_FAMILY = "1,2";
			};
			name = Release;
		};
		1AF3392C2114E41400CDB50C /* Debug */ = {
			isa = XCBuildConfiguration;
			buildSettings = {
				ALWAYS_EMBED_SWIFT_STANDARD_LIBRARIES = YES;
				BUNDLE_LOADER = "$(TEST_HOST)";
				CODE_SIGN_STYLE = Automatic;
				DEVELOPMENT_TEAM = ZSE2A75FGT;
				INFOPLIST_FILE = SimpleWeatherTests/Info.plist;
				LD_RUNPATH_SEARCH_PATHS = (
					"$(inherited)",
					"@executable_path/Frameworks",
					"@loader_path/Frameworks",
				);
				PRODUCT_BUNDLE_IDENTIFIER = com.jermiainekelly.SimpleWeatherTests;
				PRODUCT_NAME = "$(TARGET_NAME)";
				SWIFT_VERSION = 4.2;
				TARGETED_DEVICE_FAMILY = "1,2";
				TEST_HOST = "$(BUILT_PRODUCTS_DIR)/SimpleWeather.app/SimpleWeather";
			};
			name = Debug;
		};
		1AF3392D2114E41400CDB50C /* Release */ = {
			isa = XCBuildConfiguration;
			buildSettings = {
				ALWAYS_EMBED_SWIFT_STANDARD_LIBRARIES = YES;
				BUNDLE_LOADER = "$(TEST_HOST)";
				CODE_SIGN_STYLE = Automatic;
				DEVELOPMENT_TEAM = ZSE2A75FGT;
				INFOPLIST_FILE = SimpleWeatherTests/Info.plist;
				LD_RUNPATH_SEARCH_PATHS = (
					"$(inherited)",
					"@executable_path/Frameworks",
					"@loader_path/Frameworks",
				);
				PRODUCT_BUNDLE_IDENTIFIER = com.jermiainekelly.SimpleWeatherTests;
				PRODUCT_NAME = "$(TARGET_NAME)";
				SWIFT_VERSION = 4.2;
				TARGETED_DEVICE_FAMILY = "1,2";
				TEST_HOST = "$(BUILT_PRODUCTS_DIR)/SimpleWeather.app/SimpleWeather";
			};
			name = Release;
		};
/* End XCBuildConfiguration section */

/* Begin XCConfigurationList section */
		1AF339062114E41200CDB50C /* Build configuration list for PBXProject "SimpleWeather" */ = {
			isa = XCConfigurationList;
			buildConfigurations = (
				1AF339262114E41400CDB50C /* Debug */,
				1AF339272114E41400CDB50C /* Release */,
			);
			defaultConfigurationIsVisible = 0;
			defaultConfigurationName = Release;
		};
		1AF339282114E41400CDB50C /* Build configuration list for PBXNativeTarget "SimpleWeather" */ = {
			isa = XCConfigurationList;
			buildConfigurations = (
				1AF339292114E41400CDB50C /* Debug */,
				1AF3392A2114E41400CDB50C /* Release */,
			);
			defaultConfigurationIsVisible = 0;
			defaultConfigurationName = Release;
		};
		1AF3392B2114E41400CDB50C /* Build configuration list for PBXNativeTarget "SimpleWeatherTests" */ = {
			isa = XCConfigurationList;
			buildConfigurations = (
				1AF3392C2114E41400CDB50C /* Debug */,
				1AF3392D2114E41400CDB50C /* Release */,
			);
			defaultConfigurationIsVisible = 0;
			defaultConfigurationName = Release;
		};
/* End XCConfigurationList section */
	};
	rootObject = 1AF339032114E41200CDB50C /* Project object */;
}
